// !$*UTF8*$!
{
	archiveVersion = 1;
	classes = {
	};
	objectVersion = 46;
	objects = {

/* Begin PBXBuildFile section */
		B8ED31D31EA9D35000AF9549 /* main.m in Sources */ = {isa = PBXBuildFile; fileRef = B8ED31D21EA9D35000AF9549 /* main.m */; };
		B8ED31D61EA9D35000AF9549 /* AppDelegate.m in Sources */ = {isa = PBXBuildFile; fileRef = B8ED31D51EA9D35000AF9549 /* AppDelegate.m */; };
		B8ED31D91EA9D35000AF9549 /* MasterViewController.m in Sources */ = {isa = PBXBuildFile; fileRef = B8ED31D81EA9D35000AF9549 /* MasterViewController.m */; };
		B8ED31DC1EA9D35000AF9549 /* DetailViewController.m in Sources */ = {isa = PBXBuildFile; fileRef = B8ED31DB1EA9D35000AF9549 /* DetailViewController.m */; };
		B8ED31DF1EA9D35000AF9549 /* Main.storyboard in Resources */ = {isa = PBXBuildFile; fileRef = B8ED31DD1EA9D35000AF9549 /* Main.storyboard */; };
		B8ED31E11EA9D35000AF9549 /* Assets.xcassets in Resources */ = {isa = PBXBuildFile; fileRef = B8ED31E01EA9D35000AF9549 /* Assets.xcassets */; };
		B8ED31E41EA9D35000AF9549 /* LaunchScreen.storyboard in Resources */ = {isa = PBXBuildFile; fileRef = B8ED31E21EA9D35000AF9549 /* LaunchScreen.storyboard */; };
		B8ED31EF1EA9D35000AF9549 /* AppUITests.m in Sources */ = {isa = PBXBuildFile; fileRef = B8ED31EE1EA9D35000AF9549 /* AppUITests.m */; };
		B8ED32001EA9D45300AF9549 /* CTSTestGroup.m in Sources */ = {isa = PBXBuildFile; fileRef = B8ED31FB1EA9D45300AF9549 /* CTSTestGroup.m */; };
		B8ED32011EA9D45300AF9549 /* CTSTestItem.m in Sources */ = {isa = PBXBuildFile; fileRef = B8ED31FD1EA9D45300AF9549 /* CTSTestItem.m */; };
		B8ED32021EA9D45300AF9549 /* CTSTestSuitesManager.m in Sources */ = {isa = PBXBuildFile; fileRef = B8ED31FF1EA9D45300AF9549 /* CTSTestSuitesManager.m */; };
		B8ED32051EA9D68500AF9549 /* TestCaseSample.m in Sources */ = {isa = PBXBuildFile; fileRef = B8ED32041EA9D68500AF9549 /* TestCaseSample.m */; };
/* End PBXBuildFile section */

/* Begin PBXContainerItemProxy section */
		B8ED31EB1EA9D35000AF9549 /* PBXContainerItemProxy */ = {
			isa = PBXContainerItemProxy;
			containerPortal = B8ED31C61EA9D35000AF9549 /* Project object */;
			proxyType = 1;
			remoteGlobalIDString = B8ED31CD1EA9D35000AF9549;
			remoteInfo = App;
		};
/* End PBXContainerItemProxy section */

/* Begin PBXFileReference section */
		B8ED31CE1EA9D35000AF9549 /* App.app */ = {isa = PBXFileReference; explicitFileType = wrapper.application; includeInIndex = 0; path = App.app; sourceTree = BUILT_PRODUCTS_DIR; };
		B8ED31D21EA9D35000AF9549 /* main.m */ = {isa = PBXFileReference; lastKnownFileType = sourcecode.c.objc; path = main.m; sourceTree = "<group>"; };
		B8ED31D41EA9D35000AF9549 /* AppDelegate.h */ = {isa = PBXFileReference; lastKnownFileType = sourcecode.c.h; path = AppDelegate.h; sourceTree = "<group>"; };
		B8ED31D51EA9D35000AF9549 /* AppDelegate.m */ = {isa = PBXFileReference; lastKnownFileType = sourcecode.c.objc; path = AppDelegate.m; sourceTree = "<group>"; };
		B8ED31D71EA9D35000AF9549 /* MasterViewController.h */ = {isa = PBXFileReference; lastKnownFileType = sourcecode.c.h; path = MasterViewController.h; sourceTree = "<group>"; };
		B8ED31D81EA9D35000AF9549 /* MasterViewController.m */ = {isa = PBXFileReference; lastKnownFileType = sourcecode.c.objc; path = MasterViewController.m; sourceTree = "<group>"; };
		B8ED31DA1EA9D35000AF9549 /* DetailViewController.h */ = {isa = PBXFileReference; lastKnownFileType = sourcecode.c.h; path = DetailViewController.h; sourceTree = "<group>"; };
		B8ED31DB1EA9D35000AF9549 /* DetailViewController.m */ = {isa = PBXFileReference; lastKnownFileType = sourcecode.c.objc; path = DetailViewController.m; sourceTree = "<group>"; };
		B8ED31DE1EA9D35000AF9549 /* Base */ = {isa = PBXFileReference; lastKnownFileType = file.storyboard; name = Base; path = Base.lproj/Main.storyboard; sourceTree = "<group>"; };
		B8ED31E01EA9D35000AF9549 /* Assets.xcassets */ = {isa = PBXFileReference; lastKnownFileType = folder.assetcatalog; path = Assets.xcassets; sourceTree = "<group>"; };
		B8ED31E31EA9D35000AF9549 /* Base */ = {isa = PBXFileReference; lastKnownFileType = file.storyboard; name = Base; path = Base.lproj/LaunchScreen.storyboard; sourceTree = "<group>"; };
		B8ED31E51EA9D35000AF9549 /* Info.plist */ = {isa = PBXFileReference; lastKnownFileType = text.plist.xml; path = Info.plist; sourceTree = "<group>"; };
		B8ED31EA1EA9D35000AF9549 /* AppUITests.xctest */ = {isa = PBXFileReference; explicitFileType = wrapper.cfbundle; includeInIndex = 0; path = AppUITests.xctest; sourceTree = BUILT_PRODUCTS_DIR; };
		B8ED31EE1EA9D35000AF9549 /* AppUITests.m */ = {isa = PBXFileReference; lastKnownFileType = sourcecode.c.objc; path = AppUITests.m; sourceTree = "<group>"; };
		B8ED31F01EA9D35000AF9549 /* Info.plist */ = {isa = PBXFileReference; lastKnownFileType = text.plist.xml; path = Info.plist; sourceTree = "<group>"; };
		B8ED31FA1EA9D45300AF9549 /* CTSTestGroup.h */ = {isa = PBXFileReference; fileEncoding = 4; lastKnownFileType = sourcecode.c.h; path = CTSTestGroup.h; sourceTree = "<group>"; };
		B8ED31FB1EA9D45300AF9549 /* CTSTestGroup.m */ = {isa = PBXFileReference; fileEncoding = 4; lastKnownFileType = sourcecode.c.objc; path = CTSTestGroup.m; sourceTree = "<group>"; };
		B8ED31FC1EA9D45300AF9549 /* CTSTestItem.h */ = {isa = PBXFileReference; fileEncoding = 4; lastKnownFileType = sourcecode.c.h; path = CTSTestItem.h; sourceTree = "<group>"; };
		B8ED31FD1EA9D45300AF9549 /* CTSTestItem.m */ = {isa = PBXFileReference; fileEncoding = 4; lastKnownFileType = sourcecode.c.objc; path = CTSTestItem.m; sourceTree = "<group>"; };
		B8ED31FE1EA9D45300AF9549 /* CTSTestSuitesManager.h */ = {isa = PBXFileReference; fileEncoding = 4; lastKnownFileType = sourcecode.c.h; path = CTSTestSuitesManager.h; sourceTree = "<group>"; };
		B8ED31FF1EA9D45300AF9549 /* CTSTestSuitesManager.m */ = {isa = PBXFileReference; fileEncoding = 4; lastKnownFileType = sourcecode.c.objc; path = CTSTestSuitesManager.m; sourceTree = "<group>"; };
		B8ED32031EA9D68500AF9549 /* TestCaseSample.h */ = {isa = PBXFileReference; fileEncoding = 4; lastKnownFileType = sourcecode.c.h; path = TestCaseSample.h; sourceTree = "<group>"; };
		B8ED32041EA9D68500AF9549 /* TestCaseSample.m */ = {isa = PBXFileReference; fileEncoding = 4; lastKnownFileType = sourcecode.c.objc; path = TestCaseSample.m; sourceTree = "<group>"; };
/* End PBXFileReference section */

/* Begin PBXFrameworksBuildPhase section */
		B8ED31CB1EA9D35000AF9549 /* Frameworks */ = {
			isa = PBXFrameworksBuildPhase;
			buildActionMask = 2147483647;
			files = (
			);
			runOnlyForDeploymentPostprocessing = 0;
		};
		B8ED31E71EA9D35000AF9549 /* Frameworks */ = {
			isa = PBXFrameworksBuildPhase;
			buildActionMask = 2147483647;
			files = (
			);
			runOnlyForDeploymentPostprocessing = 0;
		};
/* End PBXFrameworksBuildPhase section */

/* Begin PBXGroup section */
		B8ED31C51EA9D35000AF9549 = {
			isa = PBXGroup;
			children = (
				B8ED32031EA9D68500AF9549 /* TestCaseSample.h */,
				B8ED32041EA9D68500AF9549 /* TestCaseSample.m */,
				B8ED31F91EA9D45200AF9549 /* TestSuites */,
				B8ED31D01EA9D35000AF9549 /* App */,
				B8ED31ED1EA9D35000AF9549 /* AppUITests */,
				B8ED31CF1EA9D35000AF9549 /* Products */,
			);
			sourceTree = "<group>";
		};
		B8ED31CF1EA9D35000AF9549 /* Products */ = {
			isa = PBXGroup;
			children = (
				B8ED31CE1EA9D35000AF9549 /* App.app */,
				B8ED31EA1EA9D35000AF9549 /* AppUITests.xctest */,
			);
			name = Products;
			sourceTree = "<group>";
		};
		B8ED31D01EA9D35000AF9549 /* App */ = {
			isa = PBXGroup;
			children = (
				B8ED31D41EA9D35000AF9549 /* AppDelegate.h */,
				B8ED31D51EA9D35000AF9549 /* AppDelegate.m */,
				B8ED31D71EA9D35000AF9549 /* MasterViewController.h */,
				B8ED31D81EA9D35000AF9549 /* MasterViewController.m */,
				B8ED31DA1EA9D35000AF9549 /* DetailViewController.h */,
				B8ED31DB1EA9D35000AF9549 /* DetailViewController.m */,
				B8ED31DD1EA9D35000AF9549 /* Main.storyboard */,
				B8ED31E01EA9D35000AF9549 /* Assets.xcassets */,
				B8ED31E21EA9D35000AF9549 /* LaunchScreen.storyboard */,
				B8ED31E51EA9D35000AF9549 /* Info.plist */,
				B8ED31D11EA9D35000AF9549 /* Supporting Files */,
			);
			path = App;
			sourceTree = "<group>";
		};
		B8ED31D11EA9D35000AF9549 /* Supporting Files */ = {
			isa = PBXGroup;
			children = (
				B8ED31D21EA9D35000AF9549 /* main.m */,
			);
			name = "Supporting Files";
			sourceTree = "<group>";
		};
		B8ED31ED1EA9D35000AF9549 /* AppUITests */ = {
			isa = PBXGroup;
			children = (
				B8ED31EE1EA9D35000AF9549 /* AppUITests.m */,
				B8ED31F01EA9D35000AF9549 /* Info.plist */,
			);
			path = AppUITests;
			sourceTree = "<group>";
		};
		B8ED31F91EA9D45200AF9549 /* TestSuites */ = {
			isa = PBXGroup;
			children = (
				B8ED31FA1EA9D45300AF9549 /* CTSTestGroup.h */,
				B8ED31FB1EA9D45300AF9549 /* CTSTestGroup.m */,
				B8ED31FC1EA9D45300AF9549 /* CTSTestItem.h */,
				B8ED31FD1EA9D45300AF9549 /* CTSTestItem.m */,
				B8ED31FE1EA9D45300AF9549 /* CTSTestSuitesManager.h */,
				B8ED31FF1EA9D45300AF9549 /* CTSTestSuitesManager.m */,
			);
			path = TestSuites;
			sourceTree = "<group>";
		};
/* End PBXGroup section */

/* Begin PBXNativeTarget section */
		B8ED31CD1EA9D35000AF9549 /* App */ = {
			isa = PBXNativeTarget;
			buildConfigurationList = B8ED31F31EA9D35000AF9549 /* Build configuration list for PBXNativeTarget "App" */;
			buildPhases = (
				B8ED31CA1EA9D35000AF9549 /* Sources */,
				B8ED31CB1EA9D35000AF9549 /* Frameworks */,
				B8ED31CC1EA9D35000AF9549 /* Resources */,
			);
			buildRules = (
			);
			dependencies = (
			);
			name = App;
			productName = App;
			productReference = B8ED31CE1EA9D35000AF9549 /* App.app */;
			productType = "com.apple.product-type.application";
		};
		B8ED31E91EA9D35000AF9549 /* AppUITests */ = {
			isa = PBXNativeTarget;
			buildConfigurationList = B8ED31F61EA9D35000AF9549 /* Build configuration list for PBXNativeTarget "AppUITests" */;
			buildPhases = (
				B8ED31E61EA9D35000AF9549 /* Sources */,
				B8ED31E71EA9D35000AF9549 /* Frameworks */,
				B8ED31E81EA9D35000AF9549 /* Resources */,
			);
			buildRules = (
			);
			dependencies = (
				B8ED31EC1EA9D35000AF9549 /* PBXTargetDependency */,
			);
			name = AppUITests;
			productName = AppUITests;
			productReference = B8ED31EA1EA9D35000AF9549 /* AppUITests.xctest */;
			productType = "com.apple.product-type.bundle.ui-testing";
		};
/* End PBXNativeTarget section */

/* Begin PBXProject section */
		B8ED31C61EA9D35000AF9549 /* Project object */ = {
			isa = PBXProject;
			attributes = {
				LastUpgradeCheck = 0830;
				ORGANIZATIONNAME = "呉 維";
				TargetAttributes = {
					B8ED31CD1EA9D35000AF9549 = {
						CreatedOnToolsVersion = 8.3.1;
						DevelopmentTeam = DUP2JGEFH3;
						ProvisioningStyle = Automatic;
					};
					B8ED31E91EA9D35000AF9549 = {
						CreatedOnToolsVersion = 8.3.1;
						DevelopmentTeam = DUP2JGEFH3;
						ProvisioningStyle = Automatic;
						TestTargetID = B8ED31CD1EA9D35000AF9549;
					};
				};
			};
			buildConfigurationList = B8ED31C91EA9D35000AF9549 /* Build configuration list for PBXProject "App" */;
			compatibilityVersion = "Xcode 3.2";
			developmentRegion = English;
			hasScannedForEncodings = 0;
			knownRegions = (
				en,
				Base,
			);
			mainGroup = B8ED31C51EA9D35000AF9549;
			productRefGroup = B8ED31CF1EA9D35000AF9549 /* Products */;
			projectDirPath = "";
			projectRoot = "";
			targets = (
				B8ED31CD1EA9D35000AF9549 /* App */,
				B8ED31E91EA9D35000AF9549 /* AppUITests */,
			);
		};
/* End PBXProject section */

/* Begin PBXResourcesBuildPhase section */
		B8ED31CC1EA9D35000AF9549 /* Resources */ = {
			isa = PBXResourcesBuildPhase;
			buildActionMask = 2147483647;
			files = (
				B8ED31E41EA9D35000AF9549 /* LaunchScreen.storyboard in Resources */,
				B8ED31E11EA9D35000AF9549 /* Assets.xcassets in Resources */,
				B8ED31DF1EA9D35000AF9549 /* Main.storyboard in Resources */,
			);
			runOnlyForDeploymentPostprocessing = 0;
		};
		B8ED31E81EA9D35000AF9549 /* Resources */ = {
			isa = PBXResourcesBuildPhase;
			buildActionMask = 2147483647;
			files = (
			);
			runOnlyForDeploymentPostprocessing = 0;
		};
/* End PBXResourcesBuildPhase section */

/* Begin PBXSourcesBuildPhase section */
		B8ED31CA1EA9D35000AF9549 /* Sources */ = {
			isa = PBXSourcesBuildPhase;
			buildActionMask = 2147483647;
			files = (
				B8ED31D61EA9D35000AF9549 /* AppDelegate.m in Sources */,
				B8ED32051EA9D68500AF9549 /* TestCaseSample.m in Sources */,
				B8ED31D91EA9D35000AF9549 /* MasterViewController.m in Sources */,
				B8ED32021EA9D45300AF9549 /* CTSTestSuitesManager.m in Sources */,
				B8ED32001EA9D45300AF9549 /* CTSTestGroup.m in Sources */,
				B8ED31D31EA9D35000AF9549 /* main.m in Sources */,
				B8ED31DC1EA9D35000AF9549 /* DetailViewController.m in Sources */,
				B8ED32011EA9D45300AF9549 /* CTSTestItem.m in Sources */,
			);
			runOnlyForDeploymentPostprocessing = 0;
		};
		B8ED31E61EA9D35000AF9549 /* Sources */ = {
			isa = PBXSourcesBuildPhase;
			buildActionMask = 2147483647;
			files = (
				B8ED31EF1EA9D35000AF9549 /* AppUITests.m in Sources */,
			);
			runOnlyForDeploymentPostprocessing = 0;
		};
/* End PBXSourcesBuildPhase section */

/* Begin PBXTargetDependency section */
		B8ED31EC1EA9D35000AF9549 /* PBXTargetDependency */ = {
			isa = PBXTargetDependency;
			target = B8ED31CD1EA9D35000AF9549 /* App */;
			targetProxy = B8ED31EB1EA9D35000AF9549 /* PBXContainerItemProxy */;
		};
/* End PBXTargetDependency section */

/* Begin PBXVariantGroup section */
		B8ED31DD1EA9D35000AF9549 /* Main.storyboard */ = {
			isa = PBXVariantGroup;
			children = (
				B8ED31DE1EA9D35000AF9549 /* Base */,
			);
			name = Main.storyboard;
			sourceTree = "<group>";
		};
		B8ED31E21EA9D35000AF9549 /* LaunchScreen.storyboard */ = {
			isa = PBXVariantGroup;
			children = (
				B8ED31E31EA9D35000AF9549 /* Base */,
			);
			name = LaunchScreen.storyboard;
			sourceTree = "<group>";
		};
/* End PBXVariantGroup section */

/* Begin XCBuildConfiguration section */
		B8ED31F11EA9D35000AF9549 /* Debug */ = {
			isa = XCBuildConfiguration;
			buildSettings = {
				ALWAYS_SEARCH_USER_PATHS = NO;
				CLANG_ANALYZER_NONNULL = YES;
				CLANG_ANALYZER_NUMBER_OBJECT_CONVERSION = YES_AGGRESSIVE;
				CLANG_CXX_LANGUAGE_STANDARD = "gnu++0x";
				CLANG_CXX_LIBRARY = "libc++";
				CLANG_ENABLE_MODULES = YES;
				CLANG_ENABLE_OBJC_ARC = YES;
				CLANG_WARN_BOOL_CONVERSION = YES;
				CLANG_WARN_CONSTANT_CONVERSION = YES;
				CLANG_WARN_DIRECT_OBJC_ISA_USAGE = YES_ERROR;
				CLANG_WARN_DOCUMENTATION_COMMENTS = YES;
				CLANG_WARN_EMPTY_BODY = YES;
				CLANG_WARN_ENUM_CONVERSION = YES;
				CLANG_WARN_INFINITE_RECURSION = YES;
				CLANG_WARN_INT_CONVERSION = YES;
				CLANG_WARN_OBJC_ROOT_CLASS = YES_ERROR;
				CLANG_WARN_SUSPICIOUS_MOVE = YES;
				CLANG_WARN_UNREACHABLE_CODE = YES;
				CLANG_WARN__DUPLICATE_METHOD_MATCH = YES;
				"CODE_SIGN_IDENTITY[sdk=iphoneos*]" = "iPhone Developer";
				COPY_PHASE_STRIP = NO;
				DEBUG_INFORMATION_FORMAT = dwarf;
				ENABLE_STRICT_OBJC_MSGSEND = YES;
				ENABLE_TESTABILITY = YES;
				GCC_C_LANGUAGE_STANDARD = gnu99;
				GCC_DYNAMIC_NO_PIC = NO;
				GCC_NO_COMMON_BLOCKS = YES;
				GCC_OPTIMIZATION_LEVEL = 0;
				GCC_PREPROCESSOR_DEFINITIONS = (
					"DEBUG=1",
					"$(inherited)",
				);
				GCC_WARN_64_TO_32_BIT_CONVERSION = YES;
				GCC_WARN_ABOUT_RETURN_TYPE = YES_ERROR;
				GCC_WARN_UNDECLARED_SELECTOR = YES;
				GCC_WARN_UNINITIALIZED_AUTOS = YES_AGGRESSIVE;
				GCC_WARN_UNUSED_FUNCTION = YES;
				GCC_WARN_UNUSED_VARIABLE = YES;
				IPHONEOS_DEPLOYMENT_TARGET = 10.3;
				MTL_ENABLE_DEBUG_INFO = YES;
				ONLY_ACTIVE_ARCH = YES;
				SDKROOT = iphoneos;
			};
			name = Debug;
		};
		B8ED31F21EA9D35000AF9549 /* Release */ = {
			isa = XCBuildConfiguration;
			buildSettings = {
				ALWAYS_SEARCH_USER_PATHS = NO;
				CLANG_ANALYZER_NONNULL = YES;
				CLANG_ANALYZER_NUMBER_OBJECT_CONVERSION = YES_AGGRESSIVE;
				CLANG_CXX_LANGUAGE_STANDARD = "gnu++0x";
				CLANG_CXX_LIBRARY = "libc++";
				CLANG_ENABLE_MODULES = YES;
				CLANG_ENABLE_OBJC_ARC = YES;
				CLANG_WARN_BOOL_CONVERSION = YES;
				CLANG_WARN_CONSTANT_CONVERSION = YES;
				CLANG_WARN_DIRECT_OBJC_ISA_USAGE = YES_ERROR;
				CLANG_WARN_DOCUMENTATION_COMMENTS = YES;
				CLANG_WARN_EMPTY_BODY = YES;
				CLANG_WARN_ENUM_CONVERSION = YES;
				CLANG_WARN_INFINITE_RECURSION = YES;
				CLANG_WARN_INT_CONVERSION = YES;
				CLANG_WARN_OBJC_ROOT_CLASS = YES_ERROR;
				CLANG_WARN_SUSPICIOUS_MOVE = YES;
				CLANG_WARN_UNREACHABLE_CODE = YES;
				CLANG_WARN__DUPLICATE_METHOD_MATCH = YES;
				"CODE_SIGN_IDENTITY[sdk=iphoneos*]" = "iPhone Developer";
				COPY_PHASE_STRIP = NO;
				DEBUG_INFORMATION_FORMAT = "dwarf-with-dsym";
				ENABLE_NS_ASSERTIONS = NO;
				ENABLE_STRICT_OBJC_MSGSEND = YES;
				GCC_C_LANGUAGE_STANDARD = gnu99;
				GCC_NO_COMMON_BLOCKS = YES;
				GCC_WARN_64_TO_32_BIT_CONVERSION = YES;
				GCC_WARN_ABOUT_RETURN_TYPE = YES_ERROR;
				GCC_WARN_UNDECLARED_SELECTOR = YES;
				GCC_WARN_UNINITIALIZED_AUTOS = YES_AGGRESSIVE;
				GCC_WARN_UNUSED_FUNCTION = YES;
				GCC_WARN_UNUSED_VARIABLE = YES;
				IPHONEOS_DEPLOYMENT_TARGET = 10.3;
				MTL_ENABLE_DEBUG_INFO = NO;
				SDKROOT = iphoneos;
				VALIDATE_PRODUCT = YES;
			};
			name = Release;
		};
		B8ED31F41EA9D35000AF9549 /* Debug */ = {
			isa = XCBuildConfiguration;
			buildSettings = {
				ASSETCATALOG_COMPILER_APPICON_NAME = AppIcon;
				DEVELOPMENT_TEAM = DUP2JGEFH3;
				INFOPLIST_FILE = App/Info.plist;
				LD_RUNPATH_SEARCH_PATHS = "$(inherited) @executable_path/Frameworks";
				PRODUCT_BUNDLE_IDENTIFIER = co.jp.cyberz.App;
				PRODUCT_NAME = "$(TARGET_NAME)";
			};
			name = Debug;
		};
		B8ED31F51EA9D35000AF9549 /* Release */ = {
			isa = XCBuildConfiguration;
			buildSettings = {
				ASSETCATALOG_COMPILER_APPICON_NAME = AppIcon;
				DEVELOPMENT_TEAM = DUP2JGEFH3;
				INFOPLIST_FILE = App/Info.plist;
				LD_RUNPATH_SEARCH_PATHS = "$(inherited) @executable_path/Frameworks";
				PRODUCT_BUNDLE_IDENTIFIER = co.jp.cyberz.App;
				PRODUCT_NAME = "$(TARGET_NAME)";
			};
			name = Release;
		};
		B8ED31F71EA9D35000AF9549 /* Debug */ = {
			isa = XCBuildConfiguration;
			buildSettings = {
				DEVELOPMENT_TEAM = DUP2JGEFH3;
				INFOPLIST_FILE = AppUITests/Info.plist;
				LD_RUNPATH_SEARCH_PATHS = "$(inherited) @executable_path/Frameworks @loader_path/Frameworks";
				PRODUCT_BUNDLE_IDENTIFIER = co.jp.cyberz.AppUITests;
				PRODUCT_NAME = "$(TARGET_NAME)";
				TEST_TARGET_NAME = App;
			};
			name = Debug;
		};
		B8ED31F81EA9D35000AF9549 /* Release */ = {
			isa = XCBuildConfiguration;
			buildSettings = {
				DEVELOPMENT_TEAM = DUP2JGEFH3;
				INFOPLIST_FILE = AppUITests/Info.plist;
				LD_RUNPATH_SEARCH_PATHS = "$(inherited) @executable_path/Frameworks @loader_path/Frameworks";
				PRODUCT_BUNDLE_IDENTIFIER = co.jp.cyberz.AppUITests;
				PRODUCT_NAME = "$(TARGET_NAME)";
				TEST_TARGET_NAME = App;
			};
			name = Release;
		};
/* End XCBuildConfiguration section */

/* Begin XCConfigurationList section */
		B8ED31C91EA9D35000AF9549 /* Build configuration list for PBXProject "App" */ = {
			isa = XCConfigurationList;
			buildConfigurations = (
				B8ED31F11EA9D35000AF9549 /* Debug */,
				B8ED31F21EA9D35000AF9549 /* Release */,
			);
			defaultConfigurationIsVisible = 0;
			defaultConfigurationName = Release;
		};
		B8ED31F31EA9D35000AF9549 /* Build configuration list for PBXNativeTarget "App" */ = {
			isa = XCConfigurationList;
			buildConfigurations = (
				B8ED31F41EA9D35000AF9549 /* Debug */,
				B8ED31F51EA9D35000AF9549 /* Release */,
			);
			defaultConfigurationIsVisible = 0;
		};
		B8ED31F61EA9D35000AF9549 /* Build configuration list for PBXNativeTarget "AppUITests" */ = {
			isa = XCConfigurationList;
			buildConfigurations = (
				B8ED31F71EA9D35000AF9549 /* Debug */,
				B8ED31F81EA9D35000AF9549 /* Release */,
			);
			defaultConfigurationIsVisible = 0;
		};
/* End XCConfigurationList section */
	};
	rootObject = B8ED31C61EA9D35000AF9549 /* Project object */;
}
